
Microsoft Visual Studio Solution File, Format Version 12.00
# Visual Studio Version 16
VisualStudioVersion = 16.0.28922.388
MinimumVisualStudioVersion = 10.0.40219.1
Project("{FAE04EC0-301F-11D3-BF4B-00C04F79EFBC}") = "ExceptionSample", "ExceptionSample\ExceptionSample.csproj", "{A07691E0-72C4-4772-A333-26D5B4A4EF47}"
EndProject
Global
	GlobalSection(SolutionConfigurationPlatforms) = preSolution
		Debug|Any CPU = Debug|Any CPU
		Release|Any CPU = Release|Any CPU
	EndGlobalSection
	GlobalSection(ProjectConfigurationPlatforms) = postSolution
		{A07691E0-72C4-4772-A333-26D5B4A4EF47}.Debug|Any CPU.ActiveCfg = Debug|Any CPU
		{A07691E0-72C4-4772-A333-26D5B4A4EF47}.Debug|Any CPU.Build.0 = Debug|Any CPU
		{A07691E0-72C4-4772-A333-26D5B4A4EF47}.Release|Any CPU.ActiveCfg = Release|Any CPU
		{A07691E0-72C4-4772-A333-26D5B4A4EF47}.Release|Any CPU.Build.0 = Release|Any CPU
	EndGlobalSection
	GlobalSection(SolutionProperties) = preSolution
		HideSolutionNode = FALSE
	EndGlobalSection
	GlobalSection(ExtensibilityGlobals) = postSolution
		SolutionGuid = {0582A83C-EA64-4C20-9761-C5656CCBC43F}
	EndGlobalSection
EndGlobal
